// !$*UTF8*$!
{
	archiveVersion = 1;
	classes = {
	};
	objectVersion = 50;
	objects = {

/* Begin PBXBuildFile section */
		6F8E7CB824D88E3C0010D499 /* AppDelegate.swift in Sources */ = {isa = PBXBuildFile; fileRef = 6F8E7CB724D88E3C0010D499 /* AppDelegate.swift */; };
		6F8E7CBA24D88E3C0010D499 /* SceneDelegate.swift in Sources */ = {isa = PBXBuildFile; fileRef = 6F8E7CB924D88E3C0010D499 /* SceneDelegate.swift */; };
		6F8E7CBC24D88E3C0010D499 /* ViewController.swift in Sources */ = {isa = PBXBuildFile; fileRef = 6F8E7CBB24D88E3C0010D499 /* ViewController.swift */; };
		6F8E7CBF24D88E3C0010D499 /* Main.storyboard in Resources */ = {isa = PBXBuildFile; fileRef = 6F8E7CBD24D88E3C0010D499 /* Main.storyboard */; };
		6F8E7CC124D88E3D0010D499 /* Assets.xcassets in Resources */ = {isa = PBXBuildFile; fileRef = 6F8E7CC024D88E3D0010D499 /* Assets.xcassets */; };
		6F8E7CC424D88E3D0010D499 /* LaunchScreen.storyboard in Resources */ = {isa = PBXBuildFile; fileRef = 6F8E7CC224D88E3D0010D499 /* LaunchScreen.storyboard */; };
		6F8E7CCC24D891350010D499 /* cartoon_pizza.gif in Resources */ = {isa = PBXBuildFile; fileRef = 6F8E7CCB24D891350010D499 /* cartoon_pizza.gif */; };
		6F8E7CE024D9B5120010D499 /* Unknown-2.png in Resources */ = {isa = PBXBuildFile; fileRef = 6F8E7CDF24D9B5120010D499 /* Unknown-2.png */; };
		6F8E7CE224D9B6000010D499 /* Unknown-2.jpeg in Resources */ = {isa = PBXBuildFile; fileRef = 6F8E7CE124D9B6000010D499 /* Unknown-2.jpeg */; };
		6F8E7CE424D9B6080010D499 /* Unknown.jpeg in Resources */ = {isa = PBXBuildFile; fileRef = 6F8E7CE324D9B6080010D499 /* Unknown.jpeg */; };
		6F8E7CE624D9B60D0010D499 /* Unknown-1.jpeg in Resources */ = {isa = PBXBuildFile; fileRef = 6F8E7CE524D9B60D0010D499 /* Unknown-1.jpeg */; };
/* End PBXBuildFile section */

/* Begin PBXFileReference section */
		6F8E7CB424D88E3C0010D499 /* Pizza Exercise.app */ = {isa = PBXFileReference; explicitFileType = wrapper.application; includeInIndex = 0; path = "Pizza Exercise.app"; sourceTree = BUILT_PRODUCTS_DIR; };
		6F8E7CB724D88E3C0010D499 /* AppDelegate.swift */ = {isa = PBXFileReference; lastKnownFileType = sourcecode.swift; path = AppDelegate.swift; sourceTree = "<group>"; };
		6F8E7CB924D88E3C0010D499 /* SceneDelegate.swift */ = {isa = PBXFileReference; lastKnownFileType = sourcecode.swift; path = SceneDelegate.swift; sourceTree = "<group>"; };
		6F8E7CBB24D88E3C0010D499 /* ViewController.swift */ = {isa = PBXFileReference; lastKnownFileType = sourcecode.swift; path = ViewController.swift; sourceTree = "<group>"; };
		6F8E7CBE24D88E3C0010D499 /* Base */ = {isa = PBXFileReference; lastKnownFileType = file.storyboard; name = Base; path = Base.lproj/Main.storyboard; sourceTree = "<group>"; };
		6F8E7CC024D88E3D0010D499 /* Assets.xcassets */ = {isa = PBXFileReference; lastKnownFileType = folder.assetcatalog; path = Assets.xcassets; sourceTree = "<group>"; };
		6F8E7CC324D88E3D0010D499 /* Base */ = {isa = PBXFileReference; lastKnownFileType = file.storyboard; name = Base; path = Base.lproj/LaunchScreen.storyboard; sourceTree = "<group>"; };
		6F8E7CC524D88E3D0010D499 /* Info.plist */ = {isa = PBXFileReference; lastKnownFileType = text.plist.xml; path = Info.plist; sourceTree = "<group>"; };
		6F8E7CCB24D891350010D499 /* cartoon_pizza.gif */ = {isa = PBXFileReference; lastKnownFileType = image.gif; path = cartoon_pizza.gif; sourceTree = "<group>"; };
		6F8E7CDF24D9B5120010D499 /* Unknown-2.png */ = {isa = PBXFileReference; lastKnownFileType = image.png; name = "Unknown-2.png"; path = "../../Unknown-2.png"; sourceTree = "<group>"; };
		6F8E7CE124D9B6000010D499 /* Unknown-2.jpeg */ = {isa = PBXFileReference; lastKnownFileType = image.jpeg; path = "Unknown-2.jpeg"; sourceTree = "<group>"; };
		6F8E7CE324D9B6080010D499 /* Unknown.jpeg */ = {isa = PBXFileReference; lastKnownFileType = image.jpeg; name = Unknown.jpeg; path = ../../Unknown.jpeg; sourceTree = "<group>"; };
		6F8E7CE524D9B60D0010D499 /* Unknown-1.jpeg */ = {isa = PBXFileReference; lastKnownFileType = image.jpeg; path = "Unknown-1.jpeg"; sourceTree = "<group>"; };
/* End PBXFileReference section */

/* Begin PBXFrameworksBuildPhase section */
		6F8E7CB124D88E3C0010D499 /* Frameworks */ = {
			isa = PBXFrameworksBuildPhase;
			buildActionMask = 2147483647;
			files = (
			);
			runOnlyForDeploymentPostprocessing = 0;
		};
/* End PBXFrameworksBuildPhase section */

/* Begin PBXGroup section */
		6F8E7CAB24D88E3C0010D499 = {
			isa = PBXGroup;
			children = (
				6F8E7CB624D88E3C0010D499 /* Pizza Exercise */,
				6F8E7CB524D88E3C0010D499 /* Products */,
			);
			sourceTree = "<group>";
		};
		6F8E7CB524D88E3C0010D499 /* Products */ = {
			isa = PBXGroup;
			children = (
				6F8E7CB424D88E3C0010D499 /* Pizza Exercise.app */,
			);
			name = Products;
			sourceTree = "<group>";
		};
		6F8E7CB624D88E3C0010D499 /* Pizza Exercise */ = {
			isa = PBXGroup;
			children = (
				6F8E7CB724D88E3C0010D499 /* AppDelegate.swift */,
				6F8E7CB924D88E3C0010D499 /* SceneDelegate.swift */,
				6F8E7CBB24D88E3C0010D499 /* ViewController.swift */,
				6F8E7CBD24D88E3C0010D499 /* Main.storyboard */,
				6F8E7CE524D9B60D0010D499 /* Unknown-1.jpeg */,
				6F8E7CE324D9B6080010D499 /* Unknown.jpeg */,
				6F8E7CDF24D9B5120010D499 /* Unknown-2.png */,
				6F8E7CE124D9B6000010D499 /* Unknown-2.jpeg */,
				6F8E7CCB24D891350010D499 /* cartoon_pizza.gif */,
				6F8E7CC024D88E3D0010D499 /* Assets.xcassets */,
				6F8E7CC224D88E3D0010D499 /* LaunchScreen.storyboard */,
				6F8E7CC524D88E3D0010D499 /* Info.plist */,
			);
			path = "Pizza Exercise";
			sourceTree = "<group>";
		};
/* End PBXGroup section */

/* Begin PBXNativeTarget section */
		6F8E7CB324D88E3C0010D499 /* Pizza Exercise */ = {
			isa = PBXNativeTarget;
			buildConfigurationList = 6F8E7CC824D88E3D0010D499 /* Build configuration list for PBXNativeTarget "Pizza Exercise" */;
			buildPhases = (
				6F8E7CB024D88E3C0010D499 /* Sources */,
				6F8E7CB124D88E3C0010D499 /* Frameworks */,
				6F8E7CB224D88E3C0010D499 /* Resources */,
			);
			buildRules = (
			);
			dependencies = (
			);
			name = "Pizza Exercise";
			productName = "Pizza Exercise";
			productReference = 6F8E7CB424D88E3C0010D499 /* Pizza Exercise.app */;
			productType = "com.apple.product-type.application";
		};
/* End PBXNativeTarget section */

/* Begin PBXProject section */
		6F8E7CAC24D88E3C0010D499 /* Project object */ = {
			isa = PBXProject;
			attributes = {
				LastSwiftUpdateCheck = 1130;
				LastUpgradeCheck = 1130;
				ORGANIZATIONNAME = "Akili London";
				TargetAttributes = {
					6F8E7CB324D88E3C0010D499 = {
						CreatedOnToolsVersion = 11.3.1;
					};
				};
			};
			buildConfigurationList = 6F8E7CAF24D88E3C0010D499 /* Build configuration list for PBXProject "Pizza Exercise" */;
			compatibilityVersion = "Xcode 9.3";
			developmentRegion = en;
			hasScannedForEncodings = 0;
			knownRegions = (
				en,
				Base,
			);
			mainGroup = 6F8E7CAB24D88E3C0010D499;
			productRefGroup = 6F8E7CB524D88E3C0010D499 /* Products */;
			projectDirPath = "";
			projectRoot = "";
			targets = (
				6F8E7CB324D88E3C0010D499 /* Pizza Exercise */,
			);
		};
/* End PBXProject section */

/* Begin PBXResourcesBuildPhase section */
		6F8E7CB224D88E3C0010D499 /* Resources */ = {
			isa = PBXResourcesBuildPhase;
			buildActionMask = 2147483647;
			files = (
				6F8E7CE624D9B60D0010D499 /* Unknown-1.jpeg in Resources */,
				6F8E7CCC24D891350010D499 /* cartoon_pizza.gif in Resources */,
				6F8E7CE024D9B5120010D499 /* Unknown-2.png in Resources */,
				6F8E7CC424D88E3D0010D499 /* LaunchScreen.storyboard in Resources */,
				6F8E7CE224D9B6000010D499 /* Unknown-2.jpeg in Resources */,
				6F8E7CC124D88E3D0010D499 /* Assets.xcassets in Resources */,
				6F8E7CE424D9B6080010D499 /* Unknown.jpeg in Resources */,
				6F8E7CBF24D88E3C0010D499 /* Main.storyboard in Resources */,
			);
			runOnlyForDeploymentPostprocessing = 0;
		};
/* End PBXResourcesBuildPhase section */

/* Begin PBXSourcesBuildPhase section */
		6F8E7CB024D88E3C0010D499 /* Sources */ = {
			isa = PBXSourcesBuildPhase;
			buildActionMask = 2147483647;
			files = (
				6F8E7CBC24D88E3C0010D499 /* ViewController.swift in Sources */,
				6F8E7CB824D88E3C0010D499 /* AppDelegate.swift in Sources */,
				6F8E7CBA24D88E3C0010D499 /* SceneDelegate.swift in Sources */,
			);
			runOnlyForDeploymentPostprocessing = 0;
		};
/* End PBXSourcesBuildPhase section */

/* Begin PBXVariantGroup section */
		6F8E7CBD24D88E3C0010D499 /* Main.storyboard */ = {
			isa = PBXVariantGroup;
			children = (
				6F8E7CBE24D88E3C0010D499 /* Base */,
			);
			name = Main.storyboard;
			sourceTree = "<group>";
		};
		6F8E7CC224D88E3D0010D499 /* LaunchScreen.storyboard */ = {
			isa = PBXVariantGroup;
			children = (
				6F8E7CC324D88E3D0010D499 /* Base */,
			);
			name = LaunchScreen.storyboard;
			sourceTree = "<group>";
		};
/* End PBXVariantGroup section */

/* Begin XCBuildConfiguration section */
		6F8E7CC624D88E3D0010D499 /* Debug */ = {
			isa = XCBuildConfiguration;
			buildSettings = {
				ALWAYS_SEARCH_USER_PATHS = NO;
				CLANG_ANALYZER_NONNULL = YES;
				CLANG_ANALYZER_NUMBER_OBJECT_CONVERSION = YES_AGGRESSIVE;
				CLANG_CXX_LANGUAGE_STANDARD = "gnu++14";
				CLANG_CXX_LIBRARY = "libc++";
				CLANG_ENABLE_MODULES = YES;
				CLANG_ENABLE_OBJC_ARC = YES;
				CLANG_ENABLE_OBJC_WEAK = YES;
				CLANG_WARN_BLOCK_CAPTURE_AUTORELEASING = YES;
				CLANG_WARN_BOOL_CONVERSION = YES;
				CLANG_WARN_COMMA = YES;
				CLANG_WARN_CONSTANT_CONVERSION = YES;
				CLANG_WARN_DEPRECATED_OBJC_IMPLEMENTATIONS = YES;
				CLANG_WARN_DIRECT_OBJC_ISA_USAGE = YES_ERROR;
				CLANG_WARN_DOCUMENTATION_COMMENTS = YES;
				CLANG_WARN_EMPTY_BODY = YES;
				CLANG_WARN_ENUM_CONVERSION = YES;
				CLANG_WARN_INFINITE_RECURSION = YES;
				CLANG_WARN_INT_CONVERSION = YES;
				CLANG_WARN_NON_LITERAL_NULL_CONVERSION = YES;
				CLANG_WARN_OBJC_IMPLICIT_RETAIN_SELF = YES;
				CLANG_WARN_OBJC_LITERAL_CONVERSION = YES;
				CLANG_WARN_OBJC_ROOT_CLASS = YES_ERROR;
				CLANG_WARN_RANGE_LOOP_ANALYSIS = YES;
				CLANG_WARN_STRICT_PROTOTYPES = YES;
				CLANG_WARN_SUSPICIOUS_MOVE = YES;
				CLANG_WARN_UNGUARDED_AVAILABILITY = YES_AGGRESSIVE;
				CLANG_WARN_UNREACHABLE_CODE = YES;
				CLANG_WARN__DUPLICATE_METHOD_MATCH = YES;
				COPY_PHASE_STRIP = NO;
				DEBUG_INFORMATION_FORMAT = dwarf;
				ENABLE_STRICT_OBJC_MSGSEND = YES;
				ENABLE_TESTABILITY = YES;
				GCC_C_LANGUAGE_STANDARD = gnu11;
				GCC_DYNAMIC_NO_PIC = NO;
				GCC_NO_COMMON_BLOCKS = YES;
				GCC_OPTIMIZATION_LEVEL = 0;
				GCC_PREPROCESSOR_DEFINITIONS = (
					"DEBUG=1",
					"$(inherited)",
				);
				GCC_WARN_64_TO_32_BIT_CONVERSION = YES;
				GCC_WARN_ABOUT_RETURN_TYPE = YES_ERROR;
				GCC_WARN_UNDECLARED_SELECTOR = YES;
				GCC_WARN_UNINITIALIZED_AUTOS = YES_AGGRESSIVE;
				GCC_WARN_UNUSED_FUNCTION = YES;
				GCC_WARN_UNUSED_VARIABLE = YES;
				IPHONEOS_DEPLOYMENT_TARGET = 13.2;
				MTL_ENABLE_DEBUG_INFO = INCLUDE_SOURCE;
				MTL_FAST_MATH = YES;
				ONLY_ACTIVE_ARCH = YES;
				SDKROOT = iphoneos;
				SWIFT_ACTIVE_COMPILATION_CONDITIONS = DEBUG;
				SWIFT_OPTIMIZATION_LEVEL = "-Onone";
			};
			name = Debug;
		};
		6F8E7CC724D88E3D0010D499 /* Release */ = {
			isa = XCBuildConfiguration;
			buildSettings = {
				ALWAYS_SEARCH_USER_PATHS = NO;
				CLANG_ANALYZER_NONNULL = YES;
				CLANG_ANALYZER_NUMBER_OBJECT_CONVERSION = YES_AGGRESSIVE;
				CLANG_CXX_LANGUAGE_STANDARD = "gnu++14";
				CLANG_CXX_LIBRARY = "libc++";
				CLANG_ENABLE_MODULES = YES;
				CLANG_ENABLE_OBJC_ARC = YES;
				CLANG_ENABLE_OBJC_WEAK = YES;
				CLANG_WARN_BLOCK_CAPTURE_AUTORELEASING = YES;
				CLANG_WARN_BOOL_CONVERSION = YES;
				CLANG_WARN_COMMA = YES;
				CLANG_WARN_CONSTANT_CONVERSION = YES;
				CLANG_WARN_DEPRECATED_OBJC_IMPLEMENTATIONS = YES;
				CLANG_WARN_DIRECT_OBJC_ISA_USAGE = YES_ERROR;
				CLANG_WARN_DOCUMENTATION_COMMENTS = YES;
				CLANG_WARN_EMPTY_BODY = YES;
				CLANG_WARN_ENUM_CONVERSION = YES;
				CLANG_WARN_INFINITE_RECURSION = YES;
				CLANG_WARN_INT_CONVERSION = YES;
				CLANG_WARN_NON_LITERAL_NULL_CONVERSION = YES;
				CLANG_WARN_OBJC_IMPLICIT_RETAIN_SELF = YES;
				CLANG_WARN_OBJC_LITERAL_CONVERSION = YES;
				CLANG_WARN_OBJC_ROOT_CLASS = YES_ERROR;
				CLANG_WARN_RANGE_LOOP_ANALYSIS = YES;
				CLANG_WARN_STRICT_PROTOTYPES = YES;
				CLANG_WARN_SUSPICIOUS_MOVE = YES;
				CLANG_WARN_UNGUARDED_AVAILABILITY = YES_AGGRESSIVE;
				CLANG_WARN_UNREACHABLE_CODE = YES;
				CLANG_WARN__DUPLICATE_METHOD_MATCH = YES;
				COPY_PHASE_STRIP = NO;
				DEBUG_INFORMATION_FORMAT = "dwarf-with-dsym";
				ENABLE_NS_ASSERTIONS = NO;
				ENABLE_STRICT_OBJC_MSGSEND = YES;
				GCC_C_LANGUAGE_STANDARD = gnu11;
				GCC_NO_COMMON_BLOCKS = YES;
				GCC_WARN_64_TO_32_BIT_CONVERSION = YES;
				GCC_WARN_ABOUT_RETURN_TYPE = YES_ERROR;
				GCC_WARN_UNDECLARED_SELECTOR = YES;
				GCC_WARN_UNINITIALIZED_AUTOS = YES_AGGRESSIVE;
				GCC_WARN_UNUSED_FUNCTION = YES;
				GCC_WARN_UNUSED_VARIABLE = YES;
				IPHONEOS_DEPLOYMENT_TARGET = 13.2;
				MTL_ENABLE_DEBUG_INFO = NO;
				MTL_FAST_MATH = YES;
				SDKROOT = iphoneos;
				SWIFT_COMPILATION_MODE = wholemodule;
				SWIFT_OPTIMIZATION_LEVEL = "-O";
				VALIDATE_PRODUCT = YES;
			};
			name = Release;
		};
		6F8E7CC924D88E3D0010D499 /* Debug */ = {
			isa = XCBuildConfiguration;
			buildSettings = {
				ASSETCATALOG_COMPILER_APPICON_NAME = AppIcon;
				CODE_SIGN_STYLE = Automatic;
				INFOPLIST_FILE = "Pizza Exercise/Info.plist";
				LD_RUNPATH_SEARCH_PATHS = (
					"$(inherited)",
					"@executable_path/Frameworks",
				);
				PRODUCT_BUNDLE_IDENTIFIER = "NameTag-Exercise.Pizza-Exercise";
				PRODUCT_NAME = "$(TARGET_NAME)";
				SWIFT_VERSION = 5.0;
				TARGETED_DEVICE_FAMILY = "1,2";
			};
			name = Debug;
		};
		6F8E7CCA24D88E3D0010D499 /* Release */ = {
			isa = XCBuildConfiguration;
			buildSettings = {
				ASSETCATALOG_COMPILER_APPICON_NAME = AppIcon;
				CODE_SIGN_STYLE = Automatic;
				INFOPLIST_FILE = "Pizza Exercise/Info.plist";
				LD_RUNPATH_SEARCH_PATHS = (
					"$(inherited)",
					"@executable_path/Frameworks",
				);
				PRODUCT_BUNDLE_IDENTIFIER = "NameTag-Exercise.Pizza-Exercise";
				PRODUCT_NAME = "$(TARGET_NAME)";
				SWIFT_VERSION = 5.0;
				TARGETED_DEVICE_FAMILY = "1,2";
			};
			name = Release;
		};
/* End XCBuildConfiguration section */

/* Begin XCConfigurationList section */
		6F8E7CAF24D88E3C0010D499 /* Build configuration list for PBXProject "Pizza Exercise" */ = {
			isa = XCConfigurationList;
			buildConfigurations = (
				6F8E7CC624D88E3D0010D499 /* Debug */,
				6F8E7CC724D88E3D0010D499 /* Release */,
			);
			defaultConfigurationIsVisible = 0;
			defaultConfigurationName = Release;
		};
		6F8E7CC824D88E3D0010D499 /* Build configuration list for PBXNativeTarget "Pizza Exercise" */ = {
			isa = XCConfigurationList;
			buildConfigurations = (
				6F8E7CC924D88E3D0010D499 /* Debug */,
				6F8E7CCA24D88E3D0010D499 /* Release */,
			);
			defaultConfigurationIsVisible = 0;
			defaultConfigurationName = Release;
		};
/* End XCConfigurationList section */
	};
	rootObject = 6F8E7CAC24D88E3C0010D499 /* Project object */;
}
